{
    "_meta": {
        "hash": {
            "sha256": "22d57792b770d155ce6736865c32fa91f79bbe316468a5835e25fe475ece5b2a"
        },
        "pipfile-spec": 6,
        "requires": {
            "python_version": "3.8"
        },
        "sources": [
            {
                "name": "pypi",
                "url": "https://pypi.org/simple",
                "verify_ssl": true
            },
            {
                "name": "localhost",
                "url": "https://localhost:8080/simple",
                "verify_ssl": true
            }
        ]
    },
    "default": {
        "aiohttp": {
            "hashes": [
                "sha256:fe11310ae1e4cd560035598c3f29d86cef39a83d244c7466f95c27ae04850f10",
                "sha256:fe7ba4a51f33ab275515f66b0a236bcde4fb5561498fe8f898d4e549b2e4509f"
            ],
            "markers": "python_version >= '3.6'",
            "version": "==3.8.4"
        }
    }
}
